// !$*UTF8*$!
{
	archiveVersion = 1;
	classes = {
	};
	objectVersion = 45;
	objects = {

/* Begin PBXBuildFile section */
		1D3623260D0F684500981E51 /* G6PayModalExampleAppDelegate.m in Sources */ = {isa = PBXBuildFile; fileRef = 1D3623250D0F684500981E51 /* G6PayModalExampleAppDelegate.m */; };
		1D60589B0D05DD56006BFB54 /* main.m in Sources */ = {isa = PBXBuildFile; fileRef = 29B97316FDCFA39411CA2CEA /* main.m */; };
		1D60589F0D05DD5A006BFB54 /* Foundation.framework in Frameworks */ = {isa = PBXBuildFile; fileRef = 1D30AB110D05D00D00671497 /* Foundation.framework */; };
		1DF5F4E00D08C38300B7A737 /* UIKit.framework in Frameworks */ = {isa = PBXBuildFile; fileRef = 1DF5F4DF0D08C38300B7A737 /* UIKit.framework */; };
		288765A50DF7441C002DB57D /* CoreGraphics.framework in Frameworks */ = {isa = PBXBuildFile; fileRef = 288765A40DF7441C002DB57D /* CoreGraphics.framework */; };
		2899E5220DE3E06400AC0155 /* G6PayModalExampleViewController.xib in Resources */ = {isa = PBXBuildFile; fileRef = 2899E5210DE3E06400AC0155 /* G6PayModalExampleViewController.xib */; };
		28AD733F0D9D9553002E5188 /* MainWindow.xib in Resources */ = {isa = PBXBuildFile; fileRef = 28AD733E0D9D9553002E5188 /* MainWindow.xib */; };
		28D7ACF80DDB3853001CB0EB /* G6PayModalExampleViewController.m in Sources */ = {isa = PBXBuildFile; fileRef = 28D7ACF70DDB3853001CB0EB /* G6PayModalExampleViewController.m */; };
		77FB1E9D12DBD57B00A93C9E /* Default.png in Resources */ = {isa = PBXBuildFile; fileRef = 77FB1E9812DBD57B00A93C9E /* Default.png */; };
		77FB1E9E12DBD57B00A93C9E /* gift.jpg in Resources */ = {isa = PBXBuildFile; fileRef = 77FB1E9912DBD57B00A93C9E /* gift.jpg */; };
		77FB1E9F12DBD57B00A93C9E /* icon.png in Resources */ = {isa = PBXBuildFile; fileRef = 77FB1E9A12DBD57B00A93C9E /* icon.png */; };
		77FB1EA012DBD57B00A93C9E /* lock.png in Resources */ = {isa = PBXBuildFile; fileRef = 77FB1E9B12DBD57B00A93C9E /* lock.png */; };
		77FB1EA112DBD57B00A93C9E /* win.png in Resources */ = {isa = PBXBuildFile; fileRef = 77FB1E9C12DBD57B00A93C9E /* win.png */; };
		ADB06A34137275B9000DE761 /* G6OfferDTO.m in Sources */ = {isa = PBXBuildFile; fileRef = ADB06A29137275B9000DE761 /* G6OfferDTO.m */; };
		ADB06A35137275B9000DE761 /* G6OfferViewController.m in Sources */ = {isa = PBXBuildFile; fileRef = ADB06A2B137275B9000DE761 /* G6OfferViewController.m */; };
		ADB06A36137275B9000DE761 /* G6Pay.m in Sources */ = {isa = PBXBuildFile; fileRef = ADB06A2E137275B9000DE761 /* G6Pay.m */; };
		ADB06A37137275B9000DE761 /* G6ResponseParser.m in Sources */ = {isa = PBXBuildFile; fileRef = ADB06A31137275B9000DE761 /* G6ResponseParser.m */; };
		ADB06A38137275B9000DE761 /* G6TransactionDTO.m in Sources */ = {isa = PBXBuildFile; fileRef = ADB06A33137275B9000DE761 /* G6TransactionDTO.m */; };
/* End PBXBuildFile section */

/* Begin PBXFileReference section */
		1D30AB110D05D00D00671497 /* Foundation.framework */ = {isa = PBXFileReference; lastKnownFileType = wrapper.framework; name = Foundation.framework; path = System/Library/Frameworks/Foundation.framework; sourceTree = SDKROOT; };
		1D3623240D0F684500981E51 /* G6PayModalExampleAppDelegate.h */ = {isa = PBXFileReference; fileEncoding = 4; lastKnownFileType = sourcecode.c.h; path = G6PayModalExampleAppDelegate.h; sourceTree = "<group>"; };
		1D3623250D0F684500981E51 /* G6PayModalExampleAppDelegate.m */ = {isa = PBXFileReference; fileEncoding = 4; lastKnownFileType = sourcecode.c.objc; path = G6PayModalExampleAppDelegate.m; sourceTree = "<group>"; };
		1D6058910D05DD3D006BFB54 /* G6 Demo.app */ = {isa = PBXFileReference; explicitFileType = wrapper.application; includeInIndex = 0; path = "G6 Demo.app"; sourceTree = BUILT_PRODUCTS_DIR; };
		1DF5F4DF0D08C38300B7A737 /* UIKit.framework */ = {isa = PBXFileReference; lastKnownFileType = wrapper.framework; name = UIKit.framework; path = System/Library/Frameworks/UIKit.framework; sourceTree = SDKROOT; };
		288765A40DF7441C002DB57D /* CoreGraphics.framework */ = {isa = PBXFileReference; lastKnownFileType = wrapper.framework; name = CoreGraphics.framework; path = System/Library/Frameworks/CoreGraphics.framework; sourceTree = SDKROOT; };
		2899E5210DE3E06400AC0155 /* G6PayModalExampleViewController.xib */ = {isa = PBXFileReference; lastKnownFileType = file.xib; path = G6PayModalExampleViewController.xib; sourceTree = "<group>"; };
		28AD733E0D9D9553002E5188 /* MainWindow.xib */ = {isa = PBXFileReference; lastKnownFileType = file.xib; path = MainWindow.xib; sourceTree = "<group>"; };
		28D7ACF60DDB3853001CB0EB /* G6PayModalExampleViewController.h */ = {isa = PBXFileReference; fileEncoding = 4; lastKnownFileType = sourcecode.c.h; path = G6PayModalExampleViewController.h; sourceTree = "<group>"; };
		28D7ACF70DDB3853001CB0EB /* G6PayModalExampleViewController.m */ = {isa = PBXFileReference; fileEncoding = 4; lastKnownFileType = sourcecode.c.objc; path = G6PayModalExampleViewController.m; sourceTree = "<group>"; };
		29B97316FDCFA39411CA2CEA /* main.m */ = {isa = PBXFileReference; fileEncoding = 4; lastKnownFileType = sourcecode.c.objc; path = main.m; sourceTree = "<group>"; };
		32CA4F630368D1EE00C91783 /* G6 Demo_Prefix.pch */ = {isa = PBXFileReference; fileEncoding = 4; lastKnownFileType = sourcecode.c.h; path = "G6 Demo_Prefix.pch"; sourceTree = "<group>"; };
		77FB1E9812DBD57B00A93C9E /* Default.png */ = {isa = PBXFileReference; lastKnownFileType = image.png; name = Default.png; path = images/Default.png; sourceTree = "<group>"; };
		77FB1E9912DBD57B00A93C9E /* gift.jpg */ = {isa = PBXFileReference; lastKnownFileType = image.jpeg; name = gift.jpg; path = images/gift.jpg; sourceTree = "<group>"; };
		77FB1E9A12DBD57B00A93C9E /* icon.png */ = {isa = PBXFileReference; lastKnownFileType = image.png; name = icon.png; path = images/icon.png; sourceTree = "<group>"; };
		77FB1E9B12DBD57B00A93C9E /* lock.png */ = {isa = PBXFileReference; lastKnownFileType = image.png; name = lock.png; path = images/lock.png; sourceTree = "<group>"; };
		77FB1E9C12DBD57B00A93C9E /* win.png */ = {isa = PBXFileReference; lastKnownFileType = image.png; name = win.png; path = images/win.png; sourceTree = "<group>"; };
		8D1107310486CEB800E47090 /* G6 Demo-Info.plist */ = {isa = PBXFileReference; fileEncoding = 4; lastKnownFileType = text.plist.xml; path = "G6 Demo-Info.plist"; plistStructureDefinitionIdentifier = "com.apple.xcode.plist.structure-definition.iphone.info-plist"; sourceTree = "<group>"; };
		ADB06A28137275B9000DE761 /* G6OfferDTO.h */ = {isa = PBXFileReference; fileEncoding = 4; lastKnownFileType = sourcecode.c.h; path = G6OfferDTO.h; sourceTree = "<group>"; };
		ADB06A29137275B9000DE761 /* G6OfferDTO.m */ = {isa = PBXFileReference; fileEncoding = 4; lastKnownFileType = sourcecode.c.objc; path = G6OfferDTO.m; sourceTree = "<group>"; };
		ADB06A2A137275B9000DE761 /* G6OfferViewController.h */ = {isa = PBXFileReference; fileEncoding = 4; lastKnownFileType = sourcecode.c.h; path = G6OfferViewController.h; sourceTree = "<group>"; };
		ADB06A2B137275B9000DE761 /* G6OfferViewController.m */ = {isa = PBXFileReference; fileEncoding = 4; lastKnownFileType = sourcecode.c.objc; path = G6OfferViewController.m; sourceTree = "<group>"; };
		ADB06A2C137275B9000DE761 /* G6Params.h */ = {isa = PBXFileReference; fileEncoding = 4; lastKnownFileType = sourcecode.c.h; path = G6Params.h; sourceTree = "<group>"; };
		ADB06A2D137275B9000DE761 /* G6Pay.h */ = {isa = PBXFileReference; fileEncoding = 4; lastKnownFileType = sourcecode.c.h; path = G6Pay.h; sourceTree = "<group>"; };
		ADB06A2E137275B9000DE761 /* G6Pay.m */ = {isa = PBXFileReference; fileEncoding = 4; lastKnownFileType = sourcecode.c.objc; path = G6Pay.m; sourceTree = "<group>"; };
		ADB06A2F137275B9000DE761 /* G6Protocol.h */ = {isa = PBXFileReference; fileEncoding = 4; lastKnownFileType = sourcecode.c.h; path = G6Protocol.h; sourceTree = "<group>"; };
		ADB06A30137275B9000DE761 /* G6ResponseParser.h */ = {isa = PBXFileReference; fileEncoding = 4; lastKnownFileType = sourcecode.c.h; path = G6ResponseParser.h; sourceTree = "<group>"; };
		ADB06A31137275B9000DE761 /* G6ResponseParser.m */ = {isa = PBXFileReference; fileEncoding = 4; lastKnownFileType = sourcecode.c.objc; path = G6ResponseParser.m; sourceTree = "<group>"; };
		ADB06A32137275B9000DE761 /* G6TransactionDTO.h */ = {isa = PBXFileReference; fileEncoding = 4; lastKnownFileType = sourcecode.c.h; path = G6TransactionDTO.h; sourceTree = "<group>"; };
		ADB06A33137275B9000DE761 /* G6TransactionDTO.m */ = {isa = PBXFileReference; fileEncoding = 4; lastKnownFileType = sourcecode.c.objc; path = G6TransactionDTO.m; sourceTree = "<group>"; };
/* End PBXFileReference section */

/* Begin PBXFrameworksBuildPhase section */
		1D60588F0D05DD3D006BFB54 /* Frameworks */ = {
			isa = PBXFrameworksBuildPhase;
			buildActionMask = 2147483647;
			files = (
				1D60589F0D05DD5A006BFB54 /* Foundation.framework in Frameworks */,
				1DF5F4E00D08C38300B7A737 /* UIKit.framework in Frameworks */,
				288765A50DF7441C002DB57D /* CoreGraphics.framework in Frameworks */,
			);
			runOnlyForDeploymentPostprocessing = 0;
		};
/* End PBXFrameworksBuildPhase section */

/* Begin PBXGroup section */
		080E96DDFE201D6D7F000001 /* Classes */ = {
			isa = PBXGroup;
			children = (
				ADB06A27137275B9000DE761 /* G6Pay */,
				1D3623240D0F684500981E51 /* G6PayModalExampleAppDelegate.h */,
				1D3623250D0F684500981E51 /* G6PayModalExampleAppDelegate.m */,
				28D7ACF60DDB3853001CB0EB /* G6PayModalExampleViewController.h */,
				28D7ACF70DDB3853001CB0EB /* G6PayModalExampleViewController.m */,
			);
			path = Classes;
			sourceTree = "<group>";
		};
		19C28FACFE9D520D11CA2CBB /* Products */ = {
			isa = PBXGroup;
			children = (
				1D6058910D05DD3D006BFB54 /* G6 Demo.app */,
			);
			name = Products;
			sourceTree = "<group>";
		};
		29B97314FDCFA39411CA2CEA /* CustomTemplate */ = {
			isa = PBXGroup;
			children = (
				080E96DDFE201D6D7F000001 /* Classes */,
				29B97315FDCFA39411CA2CEA /* Other Sources */,
				29B97317FDCFA39411CA2CEA /* Resources */,
				29B97323FDCFA39411CA2CEA /* Frameworks */,
				19C28FACFE9D520D11CA2CBB /* Products */,
			);
			name = CustomTemplate;
			sourceTree = "<group>";
		};
		29B97315FDCFA39411CA2CEA /* Other Sources */ = {
			isa = PBXGroup;
			children = (
				32CA4F630368D1EE00C91783 /* G6 Demo_Prefix.pch */,
				29B97316FDCFA39411CA2CEA /* main.m */,
			);
			name = "Other Sources";
			sourceTree = "<group>";
		};
		29B97317FDCFA39411CA2CEA /* Resources */ = {
			isa = PBXGroup;
			children = (
				77FB1E9812DBD57B00A93C9E /* Default.png */,
				77FB1E9912DBD57B00A93C9E /* gift.jpg */,
				77FB1E9A12DBD57B00A93C9E /* icon.png */,
				77FB1E9B12DBD57B00A93C9E /* lock.png */,
				77FB1E9C12DBD57B00A93C9E /* win.png */,
				2899E5210DE3E06400AC0155 /* G6PayModalExampleViewController.xib */,
				28AD733E0D9D9553002E5188 /* MainWindow.xib */,
				8D1107310486CEB800E47090 /* G6 Demo-Info.plist */,
			);
			name = Resources;
			sourceTree = "<group>";
		};
		29B97323FDCFA39411CA2CEA /* Frameworks */ = {
			isa = PBXGroup;
			children = (
				1DF5F4DF0D08C38300B7A737 /* UIKit.framework */,
				1D30AB110D05D00D00671497 /* Foundation.framework */,
				288765A40DF7441C002DB57D /* CoreGraphics.framework */,
			);
			name = Frameworks;
			sourceTree = "<group>";
		};
		ADB06A27137275B9000DE761 /* G6Pay */ = {
			isa = PBXGroup;
			children = (
				ADB06A28137275B9000DE761 /* G6OfferDTO.h */,
				ADB06A29137275B9000DE761 /* G6OfferDTO.m */,
				ADB06A2A137275B9000DE761 /* G6OfferViewController.h */,
				ADB06A2B137275B9000DE761 /* G6OfferViewController.m */,
				ADB06A2C137275B9000DE761 /* G6Params.h */,
				ADB06A2D137275B9000DE761 /* G6Pay.h */,
				ADB06A2E137275B9000DE761 /* G6Pay.m */,
				ADB06A2F137275B9000DE761 /* G6Protocol.h */,
				ADB06A30137275B9000DE761 /* G6ResponseParser.h */,
				ADB06A31137275B9000DE761 /* G6ResponseParser.m */,
				ADB06A32137275B9000DE761 /* G6TransactionDTO.h */,
				ADB06A33137275B9000DE761 /* G6TransactionDTO.m */,
			);
			path = G6Pay;
			sourceTree = SOURCE_ROOT;
		};
/* End PBXGroup section */

/* Begin PBXNativeTarget section */
		1D6058900D05DD3D006BFB54 /* G6 Demo */ = {
			isa = PBXNativeTarget;
			buildConfigurationList = 1D6058960D05DD3E006BFB54 /* Build configuration list for PBXNativeTarget "G6 Demo" */;
			buildPhases = (
				1D60588D0D05DD3D006BFB54 /* Resources */,
				1D60588E0D05DD3D006BFB54 /* Sources */,
				1D60588F0D05DD3D006BFB54 /* Frameworks */,
			);
			buildRules = (
			);
			dependencies = (
			);
			name = "G6 Demo";
			productName = G6PayModalExample;
			productReference = 1D6058910D05DD3D006BFB54 /* G6 Demo.app */;
			productType = "com.apple.product-type.application";
		};
/* End PBXNativeTarget section */

/* Begin PBXProject section */
		29B97313FDCFA39411CA2CEA /* Project object */ = {
			isa = PBXProject;
			buildConfigurationList = C01FCF4E08A954540054247B /* Build configuration list for PBXProject "G6 Demo" */;
			compatibilityVersion = "Xcode 3.1";
			developmentRegion = English;
			hasScannedForEncodings = 1;
			knownRegions = (
				English,
				Japanese,
				French,
				German,
			);
			mainGroup = 29B97314FDCFA39411CA2CEA /* CustomTemplate */;
			projectDirPath = "";
			projectRoot = "";
			targets = (
				1D6058900D05DD3D006BFB54 /* G6 Demo */,
			);
		};
/* End PBXProject section */

/* Begin PBXResourcesBuildPhase section */
		1D60588D0D05DD3D006BFB54 /* Resources */ = {
			isa = PBXResourcesBuildPhase;
			buildActionMask = 2147483647;
			files = (
				28AD733F0D9D9553002E5188 /* MainWindow.xib in Resources */,
				2899E5220DE3E06400AC0155 /* G6PayModalExampleViewController.xib in Resources */,
				77FB1E9D12DBD57B00A93C9E /* Default.png in Resources */,
				77FB1E9E12DBD57B00A93C9E /* gift.jpg in Resources */,
				77FB1E9F12DBD57B00A93C9E /* icon.png in Resources */,
				77FB1EA012DBD57B00A93C9E /* lock.png in Resources */,
				77FB1EA112DBD57B00A93C9E /* win.png in Resources */,
			);
			runOnlyForDeploymentPostprocessing = 0;
		};
/* End PBXResourcesBuildPhase section */

/* Begin PBXSourcesBuildPhase section */
		1D60588E0D05DD3D006BFB54 /* Sources */ = {
			isa = PBXSourcesBuildPhase;
			buildActionMask = 2147483647;
			files = (
				1D60589B0D05DD56006BFB54 /* main.m in Sources */,
				1D3623260D0F684500981E51 /* G6PayModalExampleAppDelegate.m in Sources */,
				28D7ACF80DDB3853001CB0EB /* G6PayModalExampleViewController.m in Sources */,
				ADB06A34137275B9000DE761 /* G6OfferDTO.m in Sources */,
				ADB06A35137275B9000DE761 /* G6OfferViewController.m in Sources */,
				ADB06A36137275B9000DE761 /* G6Pay.m in Sources */,
				ADB06A37137275B9000DE761 /* G6ResponseParser.m in Sources */,
				ADB06A38137275B9000DE761 /* G6TransactionDTO.m in Sources */,
			);
			runOnlyForDeploymentPostprocessing = 0;
		};
/* End PBXSourcesBuildPhase section */

/* Begin XCBuildConfiguration section */
		1D6058940D05DD3E006BFB54 /* Debug */ = {
			isa = XCBuildConfiguration;
			buildSettings = {
				ALWAYS_SEARCH_USER_PATHS = NO;
				"CODE_SIGN_IDENTITY[sdk=iphoneos*]" = "iPhone Developer: Renato Mascardo (3QKJTDWXA5)";
				COPY_PHASE_STRIP = NO;
				GCC_DYNAMIC_NO_PIC = NO;
				GCC_OPTIMIZATION_LEVEL = 0;
				GCC_PRECOMPILE_PREFIX_HEADER = YES;
				GCC_PREFIX_HEADER = "G6 Demo_Prefix.pch";
				INFOPLIST_FILE = "G6 Demo-Info.plist";
				PRODUCT_NAME = "G6 Demo";
				"PROVISIONING_PROFILE[sdk=iphoneos*]" = "E102C753-8084-413B-93F6-199CF417B310";
			};
			name = Debug;
		};
		1D6058950D05DD3E006BFB54 /* Release */ = {
			isa = XCBuildConfiguration;
			buildSettings = {
				ALWAYS_SEARCH_USER_PATHS = NO;
				COPY_PHASE_STRIP = YES;
				GCC_PRECOMPILE_PREFIX_HEADER = YES;
				GCC_PREFIX_HEADER = "G6 Demo_Prefix.pch";
				INFOPLIST_FILE = "G6 Demo-Info.plist";
				PRODUCT_NAME = "G6 Demo";
				VALIDATE_PRODUCT = YES;
			};
			name = Release;
		};
		C01FCF4F08A954540054247B /* Debug */ = {
			isa = XCBuildConfiguration;
			buildSettings = {
				ARCHS = "$(ARCHS_STANDARD_32_BIT)";
				"CODE_SIGN_IDENTITY[sdk=iphoneos*]" = "iPhone Distribution: Team Curiosity LLC";
				GCC_C_LANGUAGE_STANDARD = c99;
				GCC_WARN_ABOUT_RETURN_TYPE = YES;
				GCC_WARN_UNUSED_VARIABLE = YES;
				IPHONEOS_DEPLOYMENT_TARGET = 4.1;
				PREBINDING = NO;
				PRODUCT_NAME = "G6 Demo";
				SDKROOT = iphoneos;
			};
			name = Debug;
		};
		C01FCF5008A954540054247B /* Release */ = {
			isa = XCBuildConfiguration;
			buildSettings = {
				ARCHS = "$(ARCHS_STANDARD_32_BIT)";
				"CODE_SIGN_IDENTITY[sdk=iphoneos*]" = "iPhone Developer";
				GCC_C_LANGUAGE_STANDARD = c99;
				GCC_WARN_ABOUT_RETURN_TYPE = YES;
				GCC_WARN_UNUSED_VARIABLE = YES;
				OTHER_CFLAGS = "-DNS_BLOCK_ASSERTIONS=1";
				PREBINDING = NO;
				SDKROOT = iphoneos;
			};
			name = Release;
		};
/* End XCBuildConfiguration section */

/* Begin XCConfigurationList section */
		1D6058960D05DD3E006BFB54 /* Build configuration list for PBXNativeTarget "G6 Demo" */ = {
			isa = XCConfigurationList;
			buildConfigurations = (
				1D6058940D05DD3E006BFB54 /* Debug */,
				1D6058950D05DD3E006BFB54 /* Release */,
			);
			defaultConfigurationIsVisible = 0;
			defaultConfigurationName = Release;
		};
		C01FCF4E08A954540054247B /* Build configuration list for PBXProject "G6 Demo" */ = {
			isa = XCConfigurationList;
			buildConfigurations = (
				C01FCF4F08A954540054247B /* Debug */,
				C01FCF5008A954540054247B /* Release */,
			);
			defaultConfigurationIsVisible = 0;
			defaultConfigurationName = Release;
		};
/* End XCConfigurationList section */
	};
	rootObject = 29B97313FDCFA39411CA2CEA /* Project object */;
}
